
Microsoft Visual Studio Solution File, Format Version 12.00
# Visual Studio Version 17
VisualStudioVersion = 17.8.34309.116
MinimumVisualStudioVersion = 10.0.40219.1
Project("{8BC9CEB8-8B4A-11D0-8D11-00A0C91BC942}") = "lb10", "lb10\lb10.vcxproj", "{A5E6FAE2-030F-447C-9577-BCEA12F3DA17}"
EndProject
Project("{8BC9CEB8-8B4A-11D0-8D11-00A0C91BC942}") = "task2", "task2\task2.vcxproj", "{D0A8FDED-CCFA-481E-8AA1-D861E06AB728}"
EndProject
Project("{8BC9CEB8-8B4A-11D0-8D11-00A0C91BC942}") = "task3", "task3\task3.vcxproj", "{309BF922-DBC7-4770-866B-8E712DD13CD3}"
EndProject
Project("{8BC9CEB8-8B4A-11D0-8D11-00A0C91BC942}") = "task4", "task4\task4.vcxproj", "{E3A635D4-1E7E-4734-9B7C-56043B3DD63D}"
EndProject
Global
	GlobalSection(SolutionConfigurationPlatforms) = preSolution
		Debug|x64 = Debug|x64
		Debug|x86 = Debug|x86
		Release|x64 = Release|x64
		Release|x86 = Release|x86
	EndGlobalSection
	GlobalSection(ProjectConfigurationPlatforms) = postSolution
		{A5E6FAE2-030F-447C-9577-BCEA12F3DA17}.Debug|x64.ActiveCfg = Debug|x64
		{A5E6FAE2-030F-447C-9577-BCEA12F3DA17}.Debug|x64.Build.0 = Debug|x64
		{A5E6FAE2-030F-447C-9577-BCEA12F3DA17}.Debug|x86.ActiveCfg = Debug|Win32
		{A5E6FAE2-030F-447C-9577-BCEA12F3DA17}.Debug|x86.Build.0 = Debug|Win32
		{A5E6FAE2-030F-447C-9577-BCEA12F3DA17}.Release|x64.ActiveCfg = Release|x64
		{A5E6FAE2-030F-447C-9577-BCEA12F3DA17}.Release|x64.Build.0 = Release|x64
		{A5E6FAE2-030F-447C-9577-BCEA12F3DA17}.Release|x86.ActiveCfg = Release|Win32
		{A5E6FAE2-030F-447C-9577-BCEA12F3DA17}.Release|x86.Build.0 = Release|Win32
		{D0A8FDED-CCFA-481E-8AA1-D861E06AB728}.Debug|x64.ActiveCfg = Debug|x64
		{D0A8FDED-CCFA-481E-8AA1-D861E06AB728}.Debug|x64.Build.0 = Debug|x64
		{D0A8FDED-CCFA-481E-8AA1-D861E06AB728}.Debug|x86.ActiveCfg = Debug|Win32
		{D0A8FDED-CCFA-481E-8AA1-D861E06AB728}.Debug|x86.Build.0 = Debug|Win32
		{D0A8FDED-CCFA-481E-8AA1-D861E06AB728}.Release|x64.ActiveCfg = Release|x64
		{D0A8FDED-CCFA-481E-8AA1-D861E06AB728}.Release|x64.Build.0 = Release|x64
		{D0A8FDED-CCFA-481E-8AA1-D861E06AB728}.Release|x86.ActiveCfg = Release|Win32
		{D0A8FDED-CCFA-481E-8AA1-D861E06AB728}.Release|x86.Build.0 = Release|Win32
		{309BF922-DBC7-4770-866B-8E712DD13CD3}.Debug|x64.ActiveCfg = Debug|x64
		{309BF922-DBC7-4770-866B-8E712DD13CD3}.Debug|x64.Build.0 = Debug|x64
		{309BF922-DBC7-4770-866B-8E712DD13CD3}.Debug|x86.ActiveCfg = Debug|Win32
		{309BF922-DBC7-4770-866B-8E712DD13CD3}.Debug|x86.Build.0 = Debug|Win32
		{309BF922-DBC7-4770-866B-8E712DD13CD3}.Release|x64.ActiveCfg = Release|x64
		{309BF922-DBC7-4770-866B-8E712DD13CD3}.Release|x64.Build.0 = Release|x64
		{309BF922-DBC7-4770-866B-8E712DD13CD3}.Release|x86.ActiveCfg = Release|Win32
		{309BF922-DBC7-4770-866B-8E712DD13CD3}.Release|x86.Build.0 = Release|Win32
		{E3A635D4-1E7E-4734-9B7C-56043B3DD63D}.Debug|x64.ActiveCfg = Debug|x64
		{E3A635D4-1E7E-4734-9B7C-56043B3DD63D}.Debug|x64.Build.0 = Debug|x64
		{E3A635D4-1E7E-4734-9B7C-56043B3DD63D}.Debug|x86.ActiveCfg = Debug|Win32
		{E3A635D4-1E7E-4734-9B7C-56043B3DD63D}.Debug|x86.Build.0 = Debug|Win32
		{E3A635D4-1E7E-4734-9B7C-56043B3DD63D}.Release|x64.ActiveCfg = Release|x64
		{E3A635D4-1E7E-4734-9B7C-56043B3DD63D}.Release|x64.Build.0 = Release|x64
		{E3A635D4-1E7E-4734-9B7C-56043B3DD63D}.Release|x86.ActiveCfg = Release|Win32
		{E3A635D4-1E7E-4734-9B7C-56043B3DD63D}.Release|x86.Build.0 = Release|Win32
	EndGlobalSection
	GlobalSection(SolutionProperties) = preSolution
		HideSolutionNode = FALSE
	EndGlobalSection
	GlobalSection(ExtensibilityGlobals) = postSolution
		SolutionGuid = {DD84699C-C240-4FA3-8430-8ECEFA333600}
	EndGlobalSection
EndGlobal
